
Microsoft Visual Studio Solution File, Format Version 12.00
# Visual Studio 14
VisualStudioVersion = 14.0.25420.1
MinimumVisualStudioVersion = 10.0.40219.1
Project("{FAE04EC0-301F-11D3-BF4B-00C04F79EFBC}") = "SampleCompiler", "SampleCompiler\SampleCompiler.csproj", "{A4E9F564-2998-4EBC-8B0A-B07AF811A8B5}"
EndProject
Project("{FAE04EC0-301F-11D3-BF4B-00C04F79EFBC}") = "SampleCompiler.Tests", "SampleCompiler.Tests\SampleCompiler.Tests.csproj", "{10DE90BF-710F-4C35-A01B-57B52F474029}"
EndProject
Global
	GlobalSection(SolutionConfigurationPlatforms) = preSolution
		Debug|Any CPU = Debug|Any CPU
		Release|Any CPU = Release|Any CPU
	EndGlobalSection
	GlobalSection(ProjectConfigurationPlatforms) = postSolution
		{A4E9F564-2998-4EBC-8B0A-B07AF811A8B5}.Debug|Any CPU.ActiveCfg = Debug|Any CPU
		{A4E9F564-2998-4EBC-8B0A-B07AF811A8B5}.Debug|Any CPU.Build.0 = Debug|Any CPU
		{A4E9F564-2998-4EBC-8B0A-B07AF811A8B5}.Release|Any CPU.ActiveCfg = Release|Any CPU
		{A4E9F564-2998-4EBC-8B0A-B07AF811A8B5}.Release|Any CPU.Build.0 = Release|Any CPU
		{10DE90BF-710F-4C35-A01B-57B52F474029}.Debug|Any CPU.ActiveCfg = Debug|Any CPU
		{10DE90BF-710F-4C35-A01B-57B52F474029}.Debug|Any CPU.Build.0 = Debug|Any CPU
		{10DE90BF-710F-4C35-A01B-57B52F474029}.Release|Any CPU.ActiveCfg = Release|Any CPU
		{10DE90BF-710F-4C35-A01B-57B52F474029}.Release|Any CPU.Build.0 = Release|Any CPU
	EndGlobalSection
	GlobalSection(SolutionProperties) = preSolution
		HideSolutionNode = FALSE
	EndGlobalSection
EndGlobal
